PODS:
  - Kingfisher/Core (5.15.8)
  - Kingfisher/SwiftUI (5.15.8):
    - Kingfisher/Core

DEPENDENCIES:
  - Kingfisher/SwiftUI

SPEC REPOS:
  trunk:
    - Kingfisher

SPEC CHECKSUMS:
  Kingfisher: a3c03d702433fa6cfedabb2bddbe076fb8f2e902

PODFILE CHECKSUM: 8b35b89fa62f2d53c70f2f450045292391311145

COCOAPODS: 1.11.2
